
Microsoft Visual Studio Solution File, Format Version 12.00
# Visual Studio Version 17
VisualStudioVersion = 17.11.35017.193
MinimumVisualStudioVersion = 10.0.40219.1
Project("{FAE04EC0-301F-11D3-BF4B-00C04F79EFBC}") = "Gun", "Gun.csproj", "{DAAA41A7-011E-493E-A290-687DE74AFD65}"
EndProject
Global
	GlobalSection(SolutionConfigurationPlatforms) = preSolution
		Debug|Any CPU = Debug|Any CPU
		Release|Any CPU = Release|Any CPU
	EndGlobalSection
	GlobalSection(ProjectConfigurationPlatforms) = postSolution
		{DAAA41A7-011E-493E-A290-687DE74AFD65}.Debug|Any CPU.ActiveCfg = Debug|Any CPU
		{DAAA41A7-011E-493E-A290-687DE74AFD65}.Debug|Any CPU.Build.0 = Debug|Any CPU
		{DAAA41A7-011E-493E-A290-687DE74AFD65}.Release|Any CPU.ActiveCfg = Release|Any CPU
		{DAAA41A7-011E-493E-A290-687DE74AFD65}.Release|Any CPU.Build.0 = Release|Any CPU
	EndGlobalSection
	GlobalSection(SolutionProperties) = preSolution
		HideSolutionNode = FALSE
	EndGlobalSection
	GlobalSection(ExtensibilityGlobals) = postSolution
		SolutionGuid = {289116FC-FD3B-4D2E-8DC0-1ABAA8F53414}
	EndGlobalSection
EndGlobal
